
Microsoft Visual Studio Solution File, Format Version 12.00
# Visual Studio Version 17
VisualStudioVersion = 17.5.002.0
MinimumVisualStudioVersion = 10.0.40219.1
Project("{9A19103F-16F7-4668-BE54-9A1E7A4F7556}") = "GoodHabits.Database", "GoodHabits.Database\GoodHabits.Database.csproj", "{B81DD549-1A22-459A-92FF-CF5A6D41EC18}"
EndProject
Global
	GlobalSection(SolutionConfigurationPlatforms) = preSolution
		Debug|Any CPU = Debug|Any CPU
		Release|Any CPU = Release|Any CPU
	EndGlobalSection
	GlobalSection(ProjectConfigurationPlatforms) = postSolution
		{B81DD549-1A22-459A-92FF-CF5A6D41EC18}.Debug|Any CPU.ActiveCfg = Debug|Any CPU
		{B81DD549-1A22-459A-92FF-CF5A6D41EC18}.Debug|Any CPU.Build.0 = Debug|Any CPU
		{B81DD549-1A22-459A-92FF-CF5A6D41EC18}.Release|Any CPU.ActiveCfg = Release|Any CPU
		{B81DD549-1A22-459A-92FF-CF5A6D41EC18}.Release|Any CPU.Build.0 = Release|Any CPU
	EndGlobalSection
	GlobalSection(SolutionProperties) = preSolution
		HideSolutionNode = FALSE
	EndGlobalSection
	GlobalSection(ExtensibilityGlobals) = postSolution
		SolutionGuid = {19722956-9FD4-486B-A2A5-235F95962260}
	EndGlobalSection
EndGlobal
